
Microsoft Visual Studio Solution File, Format Version 11.00
# Visual Studio 2010
Project("{8BC9CEB8-8B4A-11D0-8D11-00A0C91BC942}") = "BankingSystem", "BankingSystem\BankingSystem.vcxproj", "{BB088448-630A-476F-92DE-BA2508DFC784}"
EndProject
Global
	GlobalSection(SolutionConfigurationPlatforms) = preSolution
		Debug|Win32 = Debug|Win32
		Release|Win32 = Release|Win32
	EndGlobalSection
	GlobalSection(ProjectConfigurationPlatforms) = postSolution
		{BB088448-630A-476F-92DE-BA2508DFC784}.Debug|Win32.ActiveCfg = Debug|Win32
		{BB088448-630A-476F-92DE-BA2508DFC784}.Debug|Win32.Build.0 = Debug|Win32
		{BB088448-630A-476F-92DE-BA2508DFC784}.Release|Win32.ActiveCfg = Release|Win32
		{BB088448-630A-476F-92DE-BA2508DFC784}.Release|Win32.Build.0 = Release|Win32
	EndGlobalSection
	GlobalSection(SolutionProperties) = preSolution
		HideSolutionNode = FALSE
	EndGlobalSection
EndGlobal
